<?xml version="1.0" encoding="utf-8"?>
<Project ToolsVersion="4.0" xmlns="http://schemas.microsoft.com/developer/msbuild/2003">
  <ItemGroup>
    <ClCompile Include="ModuleEditor.cpp">
      <Filter>Modules</Filter>
    </ClCompile>
    <ClCompile Include="ModuleInput.cpp">
      <Filter>Modules</Filter>
    </ClCompile>
    <ClCompile Include="ModuleProgram.cpp">
      <Filter>Modules</Filter>
    </ClCompile>
    <ClCompile Include="ModuleRender.cpp">
      <Filter>Modules</Filter>
    </ClCompile>
    <ClCompile Include="ModuleRenderExercise.cpp">
      <Filter>Modules</Filter>
    </ClCompile>
    <ClCompile Include="ModuleWindow.cpp">
      <Filter>Modules</Filter>
    </ClCompile>
    <ClCompile Include="ModuleDebugDraw.cpp">
      <Filter>Modules</Filter>
    </ClCompile>
    <ClCompile Include="lib\MathGeoLib\Geometry\AABB.cpp">
      <Filter>Libs\MathLib</Filter>
    </ClCompile>
    <ClCompile Include="lib\MathGeoLib\Math\BitOps.cpp">
      <Filter>Libs\MathLib</Filter>
    </ClCompile>
    <ClCompile Include="lib\MathGeoLib\Math\Callstack.cpp">
      <Filter>Libs\MathLib</Filter>
    </ClCompile>
    <ClCompile Include="lib\MathGeoLib\Geometry\Capsule.cpp">
      <Filter>Libs\MathLib</Filter>
    </ClCompile>
    <ClCompile Include="lib\MathGeoLib\Geometry\Circle.cpp">
      <Filter>Libs\MathLib</Filter>
    </ClCompile>
    <ClCompile Include="lib\MathGeoLib\Geometry\Circle2D.cpp">
      <Filter>Libs\MathLib</Filter>
    </ClCompile>
    <ClCompile Include="lib\MathGeoLib\Time\Clock.cpp">
      <Filter>Libs\MathLib</Filter>
    </ClCompile>
    <ClCompile Include="lib\MathGeoLib\Math\float2.cpp">
      <Filter>Libs\MathLib</Filter>
    </ClCompile>
    <ClCompile Include="lib\MathGeoLib\Math\float3.cpp">
      <Filter>Libs\MathLib</Filter>
    </ClCompile>
    <ClCompile Include="lib\MathGeoLib\Math\float3x3.cpp">
      <Filter>Libs\MathLib</Filter>
    </ClCompile>
    <ClCompile Include="lib\MathGeoLib\Math\float3x4.cpp">
      <Filter>Libs\MathLib</Filter>
    </ClCompile>
    <ClCompile Include="lib\MathGeoLib\Math\float4.cpp">
      <Filter>Libs\MathLib</Filter>
    </ClCompile>
    <ClCompile Include="lib\MathGeoLib\Math\float4d.cpp">
      <Filter>Libs\MathLib</Filter>
    </ClCompile>
    <ClCompile Include="lib\MathGeoLib\Math\float4x4.cpp">
      <Filter>Libs\MathLib</Filter>
    </ClCompile>
    <ClCompile Include="lib\MathGeoLib\Geometry\Frustum.cpp">
      <Filter>Libs\MathLib</Filter>
    </ClCompile>
    <ClCompile Include="lib\MathGeoLib\Algorithm\GJK.cpp">
      <Filter>Libs\MathLib</Filter>
    </ClCompile>
    <ClCompile Include="lib\MathGeoLib\Algorithm\GJK2D.cpp">
      <Filter>Libs\MathLib</Filter>
    </ClCompile>
    <ClCompile Include="lib\MathGeoLib\Math\grisu3.c">
      <Filter>Libs\MathLib</Filter>
    </ClCompile>
    <ClCompile Include="lib\MathGeoLib\Math\grisu3_cpp.cpp">
      <Filter>Libs\MathLib</Filter>
    </ClCompile>
    <ClCompile Include="lib\MathGeoLib\Algorithm\Random\LCG.cpp">
      <Filter>Libs\MathLib</Filter>
    </ClCompile>
    <ClCompile Include="lib\MathGeoLib\Geometry\Line.cpp">
      <Filter>Libs\MathLib</Filter>
    </ClCompile>
    <ClCompile Include="lib\MathGeoLib\Geometry\LineSegment.cpp">
      <Filter>Libs\MathLib</Filter>
    </ClCompile>
    <ClCompile Include="lib\MathGeoLib\Geometry\LineSegment2D.cpp">
      <Filter>Libs\MathLib</Filter>
    </ClCompile>
    <ClCompile Include="lib\MathGeoLib\Math\MathFunc.cpp">
      <Filter>Libs\MathLib</Filter>
    </ClCompile>
    <ClCompile Include="lib\MathGeoLib\Math\MathLog.cpp">
      <Filter>Libs\MathLib</Filter>
    </ClCompile>
    <ClCompile Include="lib\MathGeoLib\Math\MathOps.cpp">
      <Filter>Libs\MathLib</Filter>
    </ClCompile>
    <ClCompile Include="lib\MathGeoLib\Math\MiniFloat.cpp">
      <Filter>Libs\MathLib</Filter>
    </ClCompile>
    <ClCompile Include="lib\MathGeoLib\Geometry\OBB.cpp">
      <Filter>Libs\MathLib</Filter>
    </ClCompile>
    <ClCompile Include="lib\MathGeoLib\Geometry\PBVolume.cpp">
      <Filter>Libs\MathLib</Filter>
    </ClCompile>
    <ClCompile Include="lib\MathGeoLib\Geometry\Plane.cpp">
      <Filter>Libs\MathLib</Filter>
    </ClCompile>
    <ClCompile Include="lib\MathGeoLib\Geometry\Polygon.cpp">
      <Filter>Libs\MathLib</Filter>
    </ClCompile>
    <ClCompile Include="lib\MathGeoLib\Geometry\Polyhedron.cpp">
      <Filter>Libs\MathLib</Filter>
    </ClCompile>
    <ClCompile Include="lib\MathGeoLib\Math\Polynomial.cpp">
      <Filter>Libs\MathLib</Filter>
    </ClCompile>
    <ClCompile Include="lib\MathGeoLib\Math\Quat.cpp">
      <Filter>Libs\MathLib</Filter>
    </ClCompile>
    <ClCompile Include="lib\MathGeoLib\Geometry\Ray.cpp">
      <Filter>Libs\MathLib</Filter>
    </ClCompile>
    <ClCompile Include="lib\MathGeoLib\Algorithm\SAT.cpp">
      <Filter>Libs\MathLib</Filter>
    </ClCompile>
    <ClCompile Include="lib\MathGeoLib\Geometry\Sphere.cpp">
      <Filter>Libs\MathLib</Filter>
    </ClCompile>
    <ClCompile Include="lib\MathGeoLib\Math\SSEMath.cpp">
      <Filter>Libs\MathLib</Filter>
    </ClCompile>
    <ClCompile Include="lib\MathGeoLib\Math\TransformOps.cpp">
      <Filter>Libs\MathLib</Filter>
    </ClCompile>
    <ClCompile Include="lib\MathGeoLib\Geometry\Triangle.cpp">
      <Filter>Libs\MathLib</Filter>
    </ClCompile>
    <ClCompile Include="lib\MathGeoLib\Geometry\Triangle2D.cpp">
      <Filter>Libs\MathLib</Filter>
    </ClCompile>
    <ClCompile Include="lib\MathGeoLib\Geometry\TriangleMesh.cpp">
      <Filter>Libs\MathLib</Filter>
    </ClCompile>
    <ClCompile Include="lib\imgui-docking\imgui.cpp">
      <Filter>Libs\ImGui</Filter>
    </ClCompile>
    <ClCompile Include="lib\imgui-docking\imgui_demo.cpp">
      <Filter>Libs\ImGui</Filter>
    </ClCompile>
    <ClCompile Include="lib\imgui-docking\imgui_draw.cpp">
      <Filter>Libs\ImGui</Filter>
    </ClCompile>
    <ClCompile Include="lib\imgui-docking\imgui_impl_opengl3.cpp">
      <Filter>Libs\ImGui</Filter>
    </ClCompile>
    <ClCompile Include="lib\imgui-docking\imgui_impl_sdl.cpp">
      <Filter>Libs\ImGui</Filter>
    </ClCompile>
    <ClCompile Include="lib\imgui-docking\imgui_tables.cpp">
      <Filter>Libs\ImGui</Filter>
    </ClCompile>
    <ClCompile Include="lib\imgui-docking\imgui_widgets.cpp">
      <Filter>Libs\ImGui</Filter>
    </ClCompile>
    <ClCompile Include="ModuleCamera.cpp">
      <Filter>Modules</Filter>
    </ClCompile>
    <ClCompile Include="Application.cpp">
      <Filter>Main</Filter>
    </ClCompile>
    <ClCompile Include="log.cpp">
      <Filter>Main</Filter>
    </ClCompile>
    <ClCompile Include="Main.cpp">
      <Filter>Main</Filter>
    </ClCompile>
    <ClCompile Include="PanelConsole.cpp">
      <Filter>Panels</Filter>
    </ClCompile>
    <ClCompile Include="PanelAbout.cpp">
      <Filter>Panels</Filter>
    </ClCompile>
    <ClCompile Include="PanelConfig.cpp">
      <Filter>Panels</Filter>
    </ClCompile>
  </ItemGroup>
  <ItemGroup>
    <ClInclude Include="Module.h">
      <Filter>Modules</Filter>
    </ClInclude>
    <ClInclude Include="ModuleEditor.h">
      <Filter>Modules</Filter>
    </ClInclude>
    <ClInclude Include="ModuleInput.h">
      <Filter>Modules</Filter>
    </ClInclude>
    <ClInclude Include="ModuleProgram.h">
      <Filter>Modules</Filter>
    </ClInclude>
    <ClInclude Include="ModuleRender.h">
      <Filter>Modules</Filter>
    </ClInclude>
    <ClInclude Include="ModuleRenderExercise.h">
      <Filter>Modules</Filter>
    </ClInclude>
    <ClInclude Include="ModuleWindow.h">
      <Filter>Modules</Filter>
    </ClInclude>
    <ClInclude Include="ModuleDebugDraw.h">
      <Filter>Modules</Filter>
    </ClInclude>
    <ClInclude Include="debug_draw.hpp">
      <Filter>Libs\DebugDraw</Filter>
    </ClInclude>
    <ClInclude Include="debugdraw.h">
      <Filter>Libs\DebugDraw</Filter>
    </ClInclude>
    <ClInclude Include="lib\MathGeoLib\Geometry\AABB.h">
      <Filter>Libs\MathLib</Filter>
    </ClInclude>
    <ClInclude Include="lib\MathGeoLib\Geometry\AABB2D.h">
      <Filter>Libs\MathLib</Filter>
    </ClInclude>
    <ClInclude Include="lib\MathGeoLib\Math\assume.h">
      <Filter>Libs\MathLib</Filter>
    </ClInclude>
    <ClInclude Include="lib\MathGeoLib\Math\BitFuncs.h">
      <Filter>Libs\MathLib</Filter>
    </ClInclude>
    <ClInclude Include="lib\MathGeoLib\Math\BitOps.h">
      <Filter>Libs\MathLib</Filter>
    </ClInclude>
    <ClInclude Include="lib\MathGeoLib\Math\Callstack.h">
      <Filter>Libs\MathLib</Filter>
    </ClInclude>
    <ClInclude Include="lib\MathGeoLib\Geometry\Capsule.h">
      <Filter>Libs\MathLib</Filter>
    </ClInclude>
    <ClInclude Include="lib\MathGeoLib\Geometry\Circle.h">
      <Filter>Libs\MathLib</Filter>
    </ClInclude>
    <ClInclude Include="lib\MathGeoLib\Geometry\Circle2D.h">
      <Filter>Libs\MathLib</Filter>
    </ClInclude>
    <ClInclude Include="lib\MathGeoLib\Time\Clock.h">
      <Filter>Libs\MathLib</Filter>
    </ClInclude>
    <ClInclude Include="lib\MathGeoLib\Math\FixedPoint.h">
      <Filter>Libs\MathLib</Filter>
    </ClInclude>
    <ClInclude Include="lib\MathGeoLib\Math\float2.h">
      <Filter>Libs\MathLib</Filter>
    </ClInclude>
    <ClInclude Include="lib\MathGeoLib\Math\float3.h">
      <Filter>Libs\MathLib</Filter>
    </ClInclude>
    <ClInclude Include="lib\MathGeoLib\Math\float3x3.h">
      <Filter>Libs\MathLib</Filter>
    </ClInclude>
    <ClInclude Include="lib\MathGeoLib\Math\float3x4.h">
      <Filter>Libs\MathLib</Filter>
    </ClInclude>
    <ClInclude Include="lib\MathGeoLib\Math\float4.h">
      <Filter>Libs\MathLib</Filter>
    </ClInclude>
    <ClInclude Include="lib\MathGeoLib\Math\float4_neon.h">
      <Filter>Libs\MathLib</Filter>
    </ClInclude>
    <ClInclude Include="lib\MathGeoLib\Math\float4_sse.h">
      <Filter>Libs\MathLib</Filter>
    </ClInclude>
    <ClInclude Include="lib\MathGeoLib\Math\float4d.h">
      <Filter>Libs\MathLib</Filter>
    </ClInclude>
    <ClInclude Include="lib\MathGeoLib\Math\float4x4.h">
      <Filter>Libs\MathLib</Filter>
    </ClInclude>
    <ClInclude Include="lib\MathGeoLib\Math\float4x4_neon.h">
      <Filter>Libs\MathLib</Filter>
    </ClInclude>
    <ClInclude Include="lib\MathGeoLib\Math\float4x4_sse.h">
      <Filter>Libs\MathLib</Filter>
    </ClInclude>
    <ClInclude Include="lib\MathGeoLib\Math\FloatCmp.h">
      <Filter>Libs\MathLib</Filter>
    </ClInclude>
    <ClInclude Include="lib\MathGeoLib\Geometry\Frustum.h">
      <Filter>Libs\MathLib</Filter>
    </ClInclude>
    <ClInclude Include="lib\MathGeoLib\Geometry\GeometryAll.h">
      <Filter>Libs\MathLib</Filter>
    </ClInclude>
    <ClInclude Include="lib\MathGeoLib\Geometry\GeomType.h">
      <Filter>Libs\MathLib</Filter>
    </ClInclude>
    <ClInclude Include="lib\MathGeoLib\Algorithm\GJK.h">
      <Filter>Libs\MathLib</Filter>
    </ClInclude>
    <ClInclude Include="lib\MathGeoLib\Algorithm\GJK2D.h">
      <Filter>Libs\MathLib</Filter>
    </ClInclude>
    <ClInclude Include="lib\MathGeoLib\Math\grisu3.h">
      <Filter>Libs\MathLib</Filter>
    </ClInclude>
    <ClInclude Include="lib\MathGeoLib\Geometry\HitInfo.h">
      <Filter>Libs\MathLib</Filter>
    </ClInclude>
    <ClInclude Include="lib\MathGeoLib\Math\InclWindows.h">
      <Filter>Libs\MathLib</Filter>
    </ClInclude>
    <ClInclude Include="lib\MathGeoLib\Math\Interpolate.h">
      <Filter>Libs\MathLib</Filter>
    </ClInclude>
    <ClInclude Include="lib\MathGeoLib\Geometry\KDTree.h">
      <Filter>Libs\MathLib</Filter>
    </ClInclude>
    <ClInclude Include="lib\MathGeoLib\Algorithm\Random\LCG.h">
      <Filter>Libs\MathLib</Filter>
    </ClInclude>
    <ClInclude Include="lib\MathGeoLib\Geometry\Line.h">
      <Filter>Libs\MathLib</Filter>
    </ClInclude>
    <ClInclude Include="lib\MathGeoLib\Geometry\LineSegment.h">
      <Filter>Libs\MathLib</Filter>
    </ClInclude>
    <ClInclude Include="lib\MathGeoLib\Geometry\LineSegment2D.h">
      <Filter>Libs\MathLib</Filter>
    </ClInclude>
    <ClInclude Include="lib\MathGeoLib\Math\MathAll.h">
      <Filter>Libs\MathLib</Filter>
    </ClInclude>
    <ClInclude Include="lib\MathGeoLib\MathBuildConfig.h">
      <Filter>Libs\MathLib</Filter>
    </ClInclude>
    <ClInclude Include="lib\MathGeoLib\Math\MathConstants.h">
      <Filter>Libs\MathLib</Filter>
    </ClInclude>
    <ClInclude Include="lib\MathGeoLib\Math\MathFunc.h">
      <Filter>Libs\MathLib</Filter>
    </ClInclude>
    <ClInclude Include="lib\MathGeoLib\MathGeoLib.h">
      <Filter>Libs\MathLib</Filter>
    </ClInclude>
    <ClInclude Include="lib\MathGeoLib\MathGeoLibFwd.h">
      <Filter>Libs\MathLib</Filter>
    </ClInclude>
    <ClInclude Include="lib\MathGeoLib\Math\MathLog.h">
      <Filter>Libs\MathLib</Filter>
    </ClInclude>
    <ClInclude Include="lib\MathGeoLib\Math\MathNamespace.h">
      <Filter>Libs\MathLib</Filter>
    </ClInclude>
    <ClInclude Include="lib\MathGeoLib\Math\MathTypes.h">
      <Filter>Libs\MathLib</Filter>
    </ClInclude>
    <ClInclude Include="lib\MathGeoLib\Math\MatrixProxy.h">
      <Filter>Libs\MathLib</Filter>
    </ClInclude>
    <ClInclude Include="lib\MathGeoLib\Math\MiniFloat.h">
      <Filter>Libs\MathLib</Filter>
    </ClInclude>
    <ClInclude Include="lib\MathGeoLib\Math\MultiLineMacro.h">
      <Filter>Libs\MathLib</Filter>
    </ClInclude>
    <ClInclude Include="lib\MathGeoLib\Math\myassert.h">
      <Filter>Libs\MathLib</Filter>
    </ClInclude>
    <ClInclude Include="lib\MathGeoLib\Geometry\OBB.h">
      <Filter>Libs\MathLib</Filter>
    </ClInclude>
    <ClInclude Include="lib\MathGeoLib\Geometry\OBB2D.h">
      <Filter>Libs\MathLib</Filter>
    </ClInclude>
    <ClInclude Include="lib\MathGeoLib\Geometry\PBVolume.h">
      <Filter>Libs\MathLib</Filter>
    </ClInclude>
    <ClInclude Include="lib\MathGeoLib\Geometry\Plane.h">
      <Filter>Libs\MathLib</Filter>
    </ClInclude>
    <ClInclude Include="lib\MathGeoLib\Geometry\Polygon.h">
      <Filter>Libs\MathLib</Filter>
    </ClInclude>
    <ClInclude Include="lib\MathGeoLib\Geometry\Polygon2DRef.h">
      <Filter>Libs\MathLib</Filter>
    </ClInclude>
    <ClInclude Include="lib\MathGeoLib\Geometry\Polyhedron.h">
      <Filter>Libs\MathLib</Filter>
    </ClInclude>
    <ClInclude Include="lib\MathGeoLib\Math\Polynomial.h">
      <Filter>Libs\MathLib</Filter>
    </ClInclude>
    <ClInclude Include="lib\MathGeoLib\Geometry\QuadTree.h">
      <Filter>Libs\MathLib</Filter>
    </ClInclude>
    <ClInclude Include="lib\MathGeoLib\Math\Quat.h">
      <Filter>Libs\MathLib</Filter>
    </ClInclude>
    <ClInclude Include="lib\MathGeoLib\Math\quat_simd.h">
      <Filter>Libs\MathLib</Filter>
    </ClInclude>
    <ClInclude Include="lib\MathGeoLib\Geometry\Ray.h">
      <Filter>Libs\MathLib</Filter>
    </ClInclude>
    <ClInclude Include="lib\MathGeoLib\Math\Rect.h">
      <Filter>Libs\MathLib</Filter>
    </ClInclude>
    <ClInclude Include="lib\MathGeoLib\Math\Reinterpret.h">
      <Filter>Libs\MathLib</Filter>
    </ClInclude>
    <ClInclude Include="lib\MathGeoLib\Algorithm\SAT.h">
      <Filter>Libs\MathLib</Filter>
    </ClInclude>
    <ClInclude Include="lib\MathGeoLib\Math\simd.h">
      <Filter>Libs\MathLib</Filter>
    </ClInclude>
    <ClInclude Include="lib\MathGeoLib\Geometry\Sphere.h">
      <Filter>Libs\MathLib</Filter>
    </ClInclude>
    <ClInclude Include="lib\MathGeoLib\Math\sse_mathfun.h">
      <Filter>Libs\MathLib</Filter>
    </ClInclude>
    <ClInclude Include="lib\MathGeoLib\Math\SSEMath.h">
      <Filter>Libs\MathLib</Filter>
    </ClInclude>
    <ClInclude Include="lib\MathGeoLib\Math\Swap.h">
      <Filter>Libs\MathLib</Filter>
    </ClInclude>
    <ClInclude Include="lib\MathGeoLib\Math\TransformOps.h">
      <Filter>Libs\MathLib</Filter>
    </ClInclude>
    <ClInclude Include="lib\MathGeoLib\Geometry\Triangle.h">
      <Filter>Libs\MathLib</Filter>
    </ClInclude>
    <ClInclude Include="lib\MathGeoLib\Geometry\Triangle2D.h">
      <Filter>Libs\MathLib</Filter>
    </ClInclude>
    <ClInclude Include="lib\MathGeoLib\Geometry\TriangleMesh.h">
      <Filter>Libs\MathLib</Filter>
    </ClInclude>
    <ClInclude Include="lib\MathGeoLib\Math\vec2d.h">
      <Filter>Libs\MathLib</Filter>
    </ClInclude>
    <ClInclude Include="lib\imgui-docking\imconfig.h">
      <Filter>Libs\ImGui</Filter>
    </ClInclude>
    <ClInclude Include="lib\imgui-docking\imgui.h">
      <Filter>Libs\ImGui</Filter>
    </ClInclude>
    <ClInclude Include="lib\imgui-docking\imgui_impl_opengl3.h">
      <Filter>Libs\ImGui</Filter>
    </ClInclude>
    <ClInclude Include="lib\imgui-docking\imgui_impl_opengl3_loader.h">
      <Filter>Libs\ImGui</Filter>
    </ClInclude>
    <ClInclude Include="lib\imgui-docking\imgui_impl_sdl.h">
      <Filter>Libs\ImGui</Filter>
    </ClInclude>
    <ClInclude Include="lib\imgui-docking\imgui_internal.h">
      <Filter>Libs\ImGui</Filter>
    </ClInclude>
    <ClInclude Include="lib\imgui-docking\imstb_rectpack.h">
      <Filter>Libs\ImGui</Filter>
    </ClInclude>
    <ClInclude Include="lib\imgui-docking\imstb_textedit.h">
      <Filter>Libs\ImGui</Filter>
    </ClInclude>
    <ClInclude Include="lib\imgui-docking\imstb_truetype.h">
      <Filter>Libs\ImGui</Filter>
    </ClInclude>
    <ClInclude Include="Dummy.h" />
    <ClInclude Include="ModuleCamera.h">
      <Filter>Modules</Filter>
    </ClInclude>
    <ClInclude Include="Application.h">
      <Filter>Main</Filter>
    </ClInclude>
    <ClInclude Include="Globals.h">
      <Filter>Main</Filter>
    </ClInclude>
    <ClInclude Include="Panel.h">
      <Filter>Panels</Filter>
    </ClInclude>
    <ClInclude Include="PanelConsole.h">
      <Filter>Panels</Filter>
    </ClInclude>
    <ClInclude Include="PanelAbout.h">
      <Filter>Panels</Filter>
    </ClInclude>
    <ClInclude Include="PanelConfig.h">
      <Filter>Panels</Filter>
    </ClInclude>
  </ItemGroup>
  <ItemGroup>
    <Filter Include="Modules">
      <UniqueIdentifier>{262bb70a-42bf-4790-b9d6-9c2be7083f7d}</UniqueIdentifier>
    </Filter>
    <Filter Include="Libs">
      <UniqueIdentifier>{45993567-9c1d-4aa4-8a31-ad82bd4ed8c0}</UniqueIdentifier>
    </Filter>
    <Filter Include="Libs\DebugDraw">
      <UniqueIdentifier>{77f67471-c212-4ee7-a19e-e2841b3d8cd7}</UniqueIdentifier>
    </Filter>
    <Filter Include="Libs\ImGui">
      <UniqueIdentifier>{e9ab0330-7d1f-4ee9-b71f-57472ca73b26}</UniqueIdentifier>
    </Filter>
    <Filter Include="Libs\MathLib">
      <UniqueIdentifier>{8c1bb811-5b11-4b63-89f7-80f1f61a438e}</UniqueIdentifier>
    </Filter>
    <Filter Include="Panels">
      <UniqueIdentifier>{eaababf3-982e-473e-be9c-6ce99ce644a2}</UniqueIdentifier>
    </Filter>
    <Filter Include="Main">
      <UniqueIdentifier>{a6f87024-fd58-4c72-9a75-44ce5237cd5d}</UniqueIdentifier>
    </Filter>
  </ItemGroup>
  <ItemGroup>
    <None Include="lib\MathGeoLib\Math\float2.inl">
      <Filter>Libs\MathLib</Filter>
    </None>
    <None Include="lib\MathGeoLib\Geometry\KDTree.inl">
      <Filter>Libs\MathLib</Filter>
    </None>
    <None Include="lib\MathGeoLib\Math\Matrix.inl">
      <Filter>Libs\MathLib</Filter>
    </None>
    <None Include="lib\MathGeoLib\Geometry\QuadTree.inl">
      <Filter>Libs\MathLib</Filter>
    </None>
    <None Include="lib\MathGeoLib\Geometry\TriangleMesh_IntersectRay_AVX.inl">
      <Filter>Libs\MathLib</Filter>
    </None>
    <None Include="lib\MathGeoLib\Geometry\TriangleMesh_IntersectRay_CPP.inl">
      <Filter>Libs\MathLib</Filter>
    </None>
    <None Include="lib\MathGeoLib\Geometry\TriangleMesh_IntersectRay_SSE.inl">
      <Filter>Libs\MathLib</Filter>
    </None>
  </ItemGroup>
</Project>